
Microsoft Visual Studio Solution File, Format Version 12.00
# Visual Studio Version 16
VisualStudioVersion = 16.0.29613.14
MinimumVisualStudioVersion = 10.0.40219.1
Project("{FAE04EC0-301F-11D3-BF4B-00C04F79EFBC}") = "ShoppingCMS", "ShoppingCMS\ShoppingCMS.csproj", "{B72005BF-2461-454A-86C6-35507350E791}"
EndProject
Global
	GlobalSection(SolutionConfigurationPlatforms) = preSolution
		Debug|Any CPU = Debug|Any CPU
		Release|Any CPU = Release|Any CPU
	EndGlobalSection
	GlobalSection(ProjectConfigurationPlatforms) = postSolution
		{B72005BF-2461-454A-86C6-35507350E791}.Debug|Any CPU.ActiveCfg = Debug|Any CPU
		{B72005BF-2461-454A-86C6-35507350E791}.Debug|Any CPU.Build.0 = Debug|Any CPU
		{B72005BF-2461-454A-86C6-35507350E791}.Release|Any CPU.ActiveCfg = Release|Any CPU
		{B72005BF-2461-454A-86C6-35507350E791}.Release|Any CPU.Build.0 = Release|Any CPU
	EndGlobalSection
	GlobalSection(SolutionProperties) = preSolution
		HideSolutionNode = FALSE
	EndGlobalSection
	GlobalSection(ExtensibilityGlobals) = postSolution
		SolutionGuid = {BAE65D58-75DE-411C-B215-EDF0A971810F}
	EndGlobalSection
EndGlobal
